// !$*UTF8*$!
{
	archiveVersion = 1;
	classes = {
	};
	objectVersion = 46;
	objects = {

/* Begin PBXBuildFile section */
		5D59965119D1E5C300954263 /* Foundation.framework in Frameworks */ = {isa = PBXBuildFile; fileRef = 5D59965019D1E5C300954263 /* Foundation.framework */; };
		5D59965419D1E5C300954263 /* main.m in Sources */ = {isa = PBXBuildFile; fileRef = 5D59965319D1E5C300954263 /* main.m */; };
		5D59965819D1E5C300954263 /* BigNRanch.1 in CopyFiles */ = {isa = PBXBuildFile; fileRef = 5D59965719D1E5C300954263 /* BigNRanch.1 */; };
/* End PBXBuildFile section */

/* Begin PBXCopyFilesBuildPhase section */
		5D59964B19D1E5C300954263 /* CopyFiles */ = {
			isa = PBXCopyFilesBuildPhase;
			buildActionMask = 2147483647;
			dstPath = /usr/share/man/man1/;
			dstSubfolderSpec = 0;
			files = (
				5D59965819D1E5C300954263 /* BigNRanch.1 in CopyFiles */,
			);
			runOnlyForDeploymentPostprocessing = 1;
		};
/* End PBXCopyFilesBuildPhase section */

/* Begin PBXFileReference section */
		5D59964D19D1E5C300954263 /* BigNRanch */ = {isa = PBXFileReference; explicitFileType = "compiled.mach-o.executable"; includeInIndex = 0; path = BigNRanch; sourceTree = BUILT_PRODUCTS_DIR; };
		5D59965019D1E5C300954263 /* Foundation.framework */ = {isa = PBXFileReference; lastKnownFileType = wrapper.framework; name = Foundation.framework; path = System/Library/Frameworks/Foundation.framework; sourceTree = SDKROOT; };
		5D59965319D1E5C300954263 /* main.m */ = {isa = PBXFileReference; lastKnownFileType = sourcecode.c.objc; path = main.m; sourceTree = "<group>"; };
		5D59965619D1E5C300954263 /* BigNRanch-Prefix.pch */ = {isa = PBXFileReference; lastKnownFileType = sourcecode.c.h; path = "BigNRanch-Prefix.pch"; sourceTree = "<group>"; };
		5D59965719D1E5C300954263 /* BigNRanch.1 */ = {isa = PBXFileReference; lastKnownFileType = text.man; path = BigNRanch.1; sourceTree = "<group>"; };
/* End PBXFileReference section */

/* Begin PBXFrameworksBuildPhase section */
		5D59964A19D1E5C300954263 /* Frameworks */ = {
			isa = PBXFrameworksBuildPhase;
			buildActionMask = 2147483647;
			files = (
				5D59965119D1E5C300954263 /* Foundation.framework in Frameworks */,
			);
			runOnlyForDeploymentPostprocessing = 0;
		};
/* End PBXFrameworksBuildPhase section */

/* Begin PBXGroup section */
		5D59964419D1E5C300954263 = {
			isa = PBXGroup;
			children = (
				5D59965219D1E5C300954263 /* BigNRanch */,
				5D59964F19D1E5C300954263 /* Frameworks */,
				5D59964E19D1E5C300954263 /* Products */,
			);
			sourceTree = "<group>";
		};
		5D59964E19D1E5C300954263 /* Products */ = {
			isa = PBXGroup;
			children = (
				5D59964D19D1E5C300954263 /* BigNRanch */,
			);
			name = Products;
			sourceTree = "<group>";
		};
		5D59964F19D1E5C300954263 /* Frameworks */ = {
			isa = PBXGroup;
			children = (
				5D59965019D1E5C300954263 /* Foundation.framework */,
			);
			name = Frameworks;
			sourceTree = "<group>";
		};
		5D59965219D1E5C300954263 /* BigNRanch */ = {
			isa = PBXGroup;
			children = (
				5D59965319D1E5C300954263 /* main.m */,
				5D59965719D1E5C300954263 /* BigNRanch.1 */,
				5D59965519D1E5C300954263 /* Supporting Files */,
			);
			path = BigNRanch;
			sourceTree = "<group>";
		};
		5D59965519D1E5C300954263 /* Supporting Files */ = {
			isa = PBXGroup;
			children = (
				5D59965619D1E5C300954263 /* BigNRanch-Prefix.pch */,
			);
			name = "Supporting Files";
			sourceTree = "<group>";
		};
/* End PBXGroup section */

/* Begin PBXNativeTarget section */
		5D59964C19D1E5C300954263 /* BigNRanch */ = {
			isa = PBXNativeTarget;
			buildConfigurationList = 5D59965B19D1E5C300954263 /* Build configuration list for PBXNativeTarget "BigNRanch" */;
			buildPhases = (
				5D59964919D1E5C300954263 /* Sources */,
				5D59964A19D1E5C300954263 /* Frameworks */,
				5D59964B19D1E5C300954263 /* CopyFiles */,
			);
			buildRules = (
			);
			dependencies = (
			);
			name = BigNRanch;
			productName = BigNRanch;
			productReference = 5D59964D19D1E5C300954263 /* BigNRanch */;
			productType = "com.apple.product-type.tool";
		};
/* End PBXNativeTarget section */

/* Begin PBXProject section */
		5D59964519D1E5C300954263 /* Project object */ = {
			isa = PBXProject;
			attributes = {
				LastUpgradeCheck = 0510;
				ORGANIZATIONNAME = Richmond;
			};
			buildConfigurationList = 5D59964819D1E5C300954263 /* Build configuration list for PBXProject "BigNRanch" */;
			compatibilityVersion = "Xcode 3.2";
			developmentRegion = English;
			hasScannedForEncodings = 0;
			knownRegions = (
				en,
			);
			mainGroup = 5D59964419D1E5C300954263;
			productRefGroup = 5D59964E19D1E5C300954263 /* Products */;
			projectDirPath = "";
			projectRoot = "";
			targets = (
				5D59964C19D1E5C300954263 /* BigNRanch */,
			);
		};
/* End PBXProject section */

/* Begin PBXSourcesBuildPhase section */
		5D59964919D1E5C300954263 /* Sources */ = {
			isa = PBXSourcesBuildPhase;
			buildActionMask = 2147483647;
			files = (
				5D59965419D1E5C300954263 /* main.m in Sources */,
			);
			runOnlyForDeploymentPostprocessing = 0;
		};
/* End PBXSourcesBuildPhase section */

/* Begin XCBuildConfiguration section */
		5D59965919D1E5C300954263 /* Debug */ = {
			isa = XCBuildConfiguration;
			buildSettings = {
				ALWAYS_SEARCH_USER_PATHS = NO;
				CLANG_CXX_LANGUAGE_STANDARD = "gnu++0x";
				CLANG_CXX_LIBRARY = "libc++";
				CLANG_ENABLE_MODULES = YES;
				CLANG_ENABLE_OBJC_ARC = YES;
				CLANG_WARN_BOOL_CONVERSION = YES;
				CLANG_WARN_CONSTANT_CONVERSION = YES;
				CLANG_WARN_DIRECT_OBJC_ISA_USAGE = YES_ERROR;
				CLANG_WARN_EMPTY_BODY = YES;
				CLANG_WARN_ENUM_CONVERSION = YES;
				CLANG_WARN_INT_CONVERSION = YES;
				CLANG_WARN_OBJC_ROOT_CLASS = YES_ERROR;
				CLANG_WARN__DUPLICATE_METHOD_MATCH = YES;
				COPY_PHASE_STRIP = NO;
				GCC_C_LANGUAGE_STANDARD = gnu99;
				GCC_DYNAMIC_NO_PIC = NO;
				GCC_ENABLE_OBJC_EXCEPTIONS = YES;
				GCC_OPTIMIZATION_LEVEL = 0;
				GCC_PREPROCESSOR_DEFINITIONS = (
					"DEBUG=1",
					"$(inherited)",
				);
				GCC_SYMBOLS_PRIVATE_EXTERN = NO;
				GCC_WARN_64_TO_32_BIT_CONVERSION = YES;
				GCC_WARN_ABOUT_RETURN_TYPE = YES_ERROR;
				GCC_WARN_UNDECLARED_SELECTOR = YES;
				GCC_WARN_UNINITIALIZED_AUTOS = YES_AGGRESSIVE;
				GCC_WARN_UNUSED_FUNCTION = YES;
				GCC_WARN_UNUSED_VARIABLE = YES;
				MACOSX_DEPLOYMENT_TARGET = 10.9;
				ONLY_ACTIVE_ARCH = YES;
				SDKROOT = macosx;
			};
			name = Debug;
		};
		5D59965A19D1E5C300954263 /* Release */ = {
			isa = XCBuildConfiguration;
			buildSettings = {
				ALWAYS_SEARCH_USER_PATHS = NO;
				CLANG_CXX_LANGUAGE_STANDARD = "gnu++0x";
				CLANG_CXX_LIBRARY = "libc++";
				CLANG_ENABLE_MODULES = YES;
				CLANG_ENABLE_OBJC_ARC = YES;
				CLANG_WARN_BOOL_CONVERSION = YES;
				CLANG_WARN_CONSTANT_CONVERSION = YES;
				CLANG_WARN_DIRECT_OBJC_ISA_USAGE = YES_ERROR;
				CLANG_WARN_EMPTY_BODY = YES;
				CLANG_WARN_ENUM_CONVERSION = YES;
				CLANG_WARN_INT_CONVERSION = YES;
				CLANG_WARN_OBJC_ROOT_CLASS = YES_ERROR;
				CLANG_WARN__DUPLICATE_METHOD_MATCH = YES;
				COPY_PHASE_STRIP = YES;
				DEBUG_INFORMATION_FORMAT = "dwarf-with-dsym";
				ENABLE_NS_ASSERTIONS = NO;
				GCC_C_LANGUAGE_STANDARD = gnu99;
				GCC_ENABLE_OBJC_EXCEPTIONS = YES;
				GCC_WARN_64_TO_32_BIT_CONVERSION = YES;
				GCC_WARN_ABOUT_RETURN_TYPE = YES_ERROR;
				GCC_WARN_UNDECLARED_SELECTOR = YES;
				GCC_WARN_UNINITIALIZED_AUTOS = YES_AGGRESSIVE;
				GCC_WARN_UNUSED_FUNCTION = YES;
				GCC_WARN_UNUSED_VARIABLE = YES;
				MACOSX_DEPLOYMENT_TARGET = 10.9;
				SDKROOT = macosx;
			};
			name = Release;
		};
		5D59965C19D1E5C300954263 /* Debug */ = {
			isa = XCBuildConfiguration;
			buildSettings = {
				GCC_PRECOMPILE_PREFIX_HEADER = YES;
				GCC_PREFIX_HEADER = "BigNRanch/BigNRanch-Prefix.pch";
				PRODUCT_NAME = "$(TARGET_NAME)";
			};
			name = Debug;
		};
		5D59965D19D1E5C300954263 /* Release */ = {
			isa = XCBuildConfiguration;
			buildSettings = {
				GCC_PRECOMPILE_PREFIX_HEADER = YES;
				GCC_PREFIX_HEADER = "BigNRanch/BigNRanch-Prefix.pch";
				PRODUCT_NAME = "$(TARGET_NAME)";
			};
			name = Release;
		};
/* End XCBuildConfiguration section */

/* Begin XCConfigurationList section */
		5D59964819D1E5C300954263 /* Build configuration list for PBXProject "BigNRanch" */ = {
			isa = XCConfigurationList;
			buildConfigurations = (
				5D59965919D1E5C300954263 /* Debug */,
				5D59965A19D1E5C300954263 /* Release */,
			);
			defaultConfigurationIsVisible = 0;
			defaultConfigurationName = Release;
		};
		5D59965B19D1E5C300954263 /* Build configuration list for PBXNativeTarget "BigNRanch" */ = {
			isa = XCConfigurationList;
			buildConfigurations = (
				5D59965C19D1E5C300954263 /* Debug */,
				5D59965D19D1E5C300954263 /* Release */,
			);
			defaultConfigurationIsVisible = 0;
		};
/* End XCConfigurationList section */
	};
	rootObject = 5D59964519D1E5C300954263 /* Project object */;
}
